// !$*UTF8*$!
{
	archiveVersion = 1;
	classes = {
	};
	objectVersion = 48;
	objects = {

/* Begin PBXBuildFile section */
		0551908BC90EDB54FA9A71B9 /* Pods_TumblrApp.framework in Frameworks */ = {isa = PBXBuildFile; fileRef = 2A31AB14BC7849C8BFAD13CB /* Pods_TumblrApp.framework */; };
		D728105F21328BCE00139341 /* ImageController.swift in Sources */ = {isa = PBXBuildFile; fileRef = D728105E21328BCE00139341 /* ImageController.swift */; };
		D728106E213804F000139341 /* SearchViewController.swift in Sources */ = {isa = PBXBuildFile; fileRef = D728106D213804F000139341 /* SearchViewController.swift */; };
		D7281075213887E100139341 /* Response.swift in Sources */ = {isa = PBXBuildFile; fileRef = D7281074213887E100139341 /* Response.swift */; };
		D7281077213887F400139341 /* Posts.swift in Sources */ = {isa = PBXBuildFile; fileRef = D7281076213887F400139341 /* Posts.swift */; };
		D72810792138880E00139341 /* Photos.swift in Sources */ = {isa = PBXBuildFile; fileRef = D72810782138880E00139341 /* Photos.swift */; };
		D728107B2138881900139341 /* AltSizes.swift in Sources */ = {isa = PBXBuildFile; fileRef = D728107A2138881900139341 /* AltSizes.swift */; };
		D728107D2138970B00139341 /* BaseClass.swift in Sources */ = {isa = PBXBuildFile; fileRef = D728107C2138970B00139341 /* BaseClass.swift */; };
		D755BF05212FF8810051B63D /* AppDelegate.swift in Sources */ = {isa = PBXBuildFile; fileRef = D755BF04212FF8810051B63D /* AppDelegate.swift */; };
		D755BF07212FF8810051B63D /* MainViewController.swift in Sources */ = {isa = PBXBuildFile; fileRef = D755BF06212FF8810051B63D /* MainViewController.swift */; };
		D755BF0C212FF8810051B63D /* Assets.xcassets in Resources */ = {isa = PBXBuildFile; fileRef = D755BF0B212FF8810051B63D /* Assets.xcassets */; };
		D755BF17212FFD7F0051B63D /* TumblrCell.swift in Sources */ = {isa = PBXBuildFile; fileRef = D755BF16212FFD7F0051B63D /* TumblrCell.swift */; };
		D755BF192131520F0051B63D /* WebsiteDescritpion.swift in Sources */ = {isa = PBXBuildFile; fileRef = D755BF182131520F0051B63D /* WebsiteDescritpion.swift */; };
/* End PBXBuildFile section */

/* Begin PBXFileReference section */
		2A31AB14BC7849C8BFAD13CB /* Pods_TumblrApp.framework */ = {isa = PBXFileReference; explicitFileType = wrapper.framework; includeInIndex = 0; path = Pods_TumblrApp.framework; sourceTree = BUILT_PRODUCTS_DIR; };
		3C093089965513E16E109817 /* Pods-TumblrApp.release.xcconfig */ = {isa = PBXFileReference; includeInIndex = 1; lastKnownFileType = text.xcconfig; name = "Pods-TumblrApp.release.xcconfig"; path = "Pods/Target Support Files/Pods-TumblrApp/Pods-TumblrApp.release.xcconfig"; sourceTree = "<group>"; };
		8F31F48080033DE271F13978 /* Pods-TumblrApp.debug.xcconfig */ = {isa = PBXFileReference; includeInIndex = 1; lastKnownFileType = text.xcconfig; name = "Pods-TumblrApp.debug.xcconfig"; path = "Pods/Target Support Files/Pods-TumblrApp/Pods-TumblrApp.debug.xcconfig"; sourceTree = "<group>"; };
		D728105E21328BCE00139341 /* ImageController.swift */ = {isa = PBXFileReference; lastKnownFileType = sourcecode.swift; path = ImageController.swift; sourceTree = "<group>"; };
		D728106D213804F000139341 /* SearchViewController.swift */ = {isa = PBXFileReference; lastKnownFileType = sourcecode.swift; path = SearchViewController.swift; sourceTree = "<group>"; };
		D7281074213887E100139341 /* Response.swift */ = {isa = PBXFileReference; lastKnownFileType = sourcecode.swift; path = Response.swift; sourceTree = "<group>"; };
		D7281076213887F400139341 /* Posts.swift */ = {isa = PBXFileReference; lastKnownFileType = sourcecode.swift; path = Posts.swift; sourceTree = "<group>"; };
		D72810782138880E00139341 /* Photos.swift */ = {isa = PBXFileReference; lastKnownFileType = sourcecode.swift; path = Photos.swift; sourceTree = "<group>"; };
		D728107A2138881900139341 /* AltSizes.swift */ = {isa = PBXFileReference; lastKnownFileType = sourcecode.swift; path = AltSizes.swift; sourceTree = "<group>"; };
		D728107C2138970B00139341 /* BaseClass.swift */ = {isa = PBXFileReference; lastKnownFileType = sourcecode.swift; path = BaseClass.swift; sourceTree = "<group>"; };
		D755BF01212FF8810051B63D /* TumblrApp.app */ = {isa = PBXFileReference; explicitFileType = wrapper.application; includeInIndex = 0; path = TumblrApp.app; sourceTree = BUILT_PRODUCTS_DIR; };
		D755BF04212FF8810051B63D /* AppDelegate.swift */ = {isa = PBXFileReference; lastKnownFileType = sourcecode.swift; path = AppDelegate.swift; sourceTree = "<group>"; };
		D755BF06212FF8810051B63D /* MainViewController.swift */ = {isa = PBXFileReference; lastKnownFileType = sourcecode.swift; path = MainViewController.swift; sourceTree = "<group>"; };
		D755BF0B212FF8810051B63D /* Assets.xcassets */ = {isa = PBXFileReference; lastKnownFileType = folder.assetcatalog; path = Assets.xcassets; sourceTree = "<group>"; };
		D755BF10212FF8810051B63D /* Info.plist */ = {isa = PBXFileReference; lastKnownFileType = text.plist.xml; path = Info.plist; sourceTree = "<group>"; };
		D755BF16212FFD7F0051B63D /* TumblrCell.swift */ = {isa = PBXFileReference; lastKnownFileType = sourcecode.swift; path = TumblrCell.swift; sourceTree = "<group>"; };
		D755BF182131520F0051B63D /* WebsiteDescritpion.swift */ = {isa = PBXFileReference; lastKnownFileType = sourcecode.swift; path = WebsiteDescritpion.swift; sourceTree = "<group>"; };
/* End PBXFileReference section */

/* Begin PBXFrameworksBuildPhase section */
		D755BEFE212FF8810051B63D /* Frameworks */ = {
			isa = PBXFrameworksBuildPhase;
			buildActionMask = 2147483647;
			files = (
				0551908BC90EDB54FA9A71B9 /* Pods_TumblrApp.framework in Frameworks */,
			);
			runOnlyForDeploymentPostprocessing = 0;
		};
/* End PBXFrameworksBuildPhase section */

/* Begin PBXGroup section */
		0328A6A0FE76448F096A9BE5 /* Pods */ = {
			isa = PBXGroup;
			children = (
				8F31F48080033DE271F13978 /* Pods-TumblrApp.debug.xcconfig */,
				3C093089965513E16E109817 /* Pods-TumblrApp.release.xcconfig */,
			);
			name = Pods;
			sourceTree = "<group>";
		};
		3F1C671F5EE687C4C929F132 /* Frameworks */ = {
			isa = PBXGroup;
			children = (
				2A31AB14BC7849C8BFAD13CB /* Pods_TumblrApp.framework */,
			);
			name = Frameworks;
			sourceTree = "<group>";
		};
		D72810712138878A00139341 /* View */ = {
			isa = PBXGroup;
			children = (
				D755BF16212FFD7F0051B63D /* TumblrCell.swift */,
				D728107C2138970B00139341 /* BaseClass.swift */,
			);
			path = View;
			sourceTree = "<group>";
		};
		D72810722138879000139341 /* Controller */ = {
			isa = PBXGroup;
			children = (
				D728106D213804F000139341 /* SearchViewController.swift */,
				D755BF06212FF8810051B63D /* MainViewController.swift */,
				D728105E21328BCE00139341 /* ImageController.swift */,
			);
			path = Controller;
			sourceTree = "<group>";
		};
		D7281073213887C500139341 /* Model */ = {
			isa = PBXGroup;
			children = (
				D755BF182131520F0051B63D /* WebsiteDescritpion.swift */,
				D7281074213887E100139341 /* Response.swift */,
				D7281076213887F400139341 /* Posts.swift */,
				D72810782138880E00139341 /* Photos.swift */,
				D728107A2138881900139341 /* AltSizes.swift */,
			);
			path = Model;
			sourceTree = "<group>";
		};
		D755BEF8212FF8810051B63D = {
			isa = PBXGroup;
			children = (
				D755BF03212FF8810051B63D /* TumblrApp */,
				D755BF02212FF8810051B63D /* Products */,
				0328A6A0FE76448F096A9BE5 /* Pods */,
				3F1C671F5EE687C4C929F132 /* Frameworks */,
			);
			sourceTree = "<group>";
		};
		D755BF02212FF8810051B63D /* Products */ = {
			isa = PBXGroup;
			children = (
				D755BF01212FF8810051B63D /* TumblrApp.app */,
			);
			name = Products;
			sourceTree = "<group>";
		};
		D755BF03212FF8810051B63D /* TumblrApp */ = {
			isa = PBXGroup;
			children = (
				D7281073213887C500139341 /* Model */,
				D72810712138878A00139341 /* View */,
				D72810722138879000139341 /* Controller */,
				D755BF0B212FF8810051B63D /* Assets.xcassets */,
				D755BF04212FF8810051B63D /* AppDelegate.swift */,
				D755BF10212FF8810051B63D /* Info.plist */,
			);
			path = TumblrApp;
			sourceTree = "<group>";
		};
/* End PBXGroup section */

/* Begin PBXNativeTarget section */
		D755BF00212FF8810051B63D /* TumblrApp */ = {
			isa = PBXNativeTarget;
			buildConfigurationList = D755BF13212FF8810051B63D /* Build configuration list for PBXNativeTarget "TumblrApp" */;
			buildPhases = (
				F4E5A9C9C5CAED7002150B49 /* [CP] Check Pods Manifest.lock */,
				D755BEFD212FF8810051B63D /* Sources */,
				D755BEFE212FF8810051B63D /* Frameworks */,
				D755BEFF212FF8810051B63D /* Resources */,
				F6B046E9EECF137D56D25560 /* [CP] Embed Pods Frameworks */,
			);
			buildRules = (
			);
			dependencies = (
			);
			name = TumblrApp;
			productName = TumblrApp;
			productReference = D755BF01212FF8810051B63D /* TumblrApp.app */;
			productType = "com.apple.product-type.application";
		};
/* End PBXNativeTarget section */

/* Begin PBXProject section */
		D755BEF9212FF8810051B63D /* Project object */ = {
			isa = PBXProject;
			attributes = {
				LastSwiftUpdateCheck = 0920;
				LastUpgradeCheck = 0920;
				ORGANIZATIONNAME = "Kamil Gacek";
				TargetAttributes = {
					D755BF00212FF8810051B63D = {
						CreatedOnToolsVersion = 9.2;
						ProvisioningStyle = Automatic;
					};
				};
			};
			buildConfigurationList = D755BEFC212FF8810051B63D /* Build configuration list for PBXProject "TumblrApp" */;
			compatibilityVersion = "Xcode 8.0";
			developmentRegion = en;
			hasScannedForEncodings = 0;
			knownRegions = (
				en,
				Base,
			);
			mainGroup = D755BEF8212FF8810051B63D;
			productRefGroup = D755BF02212FF8810051B63D /* Products */;
			projectDirPath = "";
			projectRoot = "";
			targets = (
				D755BF00212FF8810051B63D /* TumblrApp */,
			);
		};
/* End PBXProject section */

/* Begin PBXResourcesBuildPhase section */
		D755BEFF212FF8810051B63D /* Resources */ = {
			isa = PBXResourcesBuildPhase;
			buildActionMask = 2147483647;
			files = (
				D755BF0C212FF8810051B63D /* Assets.xcassets in Resources */,
			);
			runOnlyForDeploymentPostprocessing = 0;
		};
/* End PBXResourcesBuildPhase section */

/* Begin PBXShellScriptBuildPhase section */
		F4E5A9C9C5CAED7002150B49 /* [CP] Check Pods Manifest.lock */ = {
			isa = PBXShellScriptBuildPhase;
			buildActionMask = 2147483647;
			files = (
			);
			inputPaths = (
				"${PODS_PODFILE_DIR_PATH}/Podfile.lock",
				"${PODS_ROOT}/Manifest.lock",
			);
			name = "[CP] Check Pods Manifest.lock";
			outputPaths = (
				"$(DERIVED_FILE_DIR)/Pods-TumblrApp-checkManifestLockResult.txt",
			);
			runOnlyForDeploymentPostprocessing = 0;
			shellPath = /bin/sh;
			shellScript = "diff \"${PODS_PODFILE_DIR_PATH}/Podfile.lock\" \"${PODS_ROOT}/Manifest.lock\" > /dev/null\nif [ $? != 0 ] ; then\n    # print error to STDERR\n    echo \"error: The sandbox is not in sync with the Podfile.lock. Run 'pod install' or update your CocoaPods installation.\" >&2\n    exit 1\nfi\n# This output is used by Xcode 'outputs' to avoid re-running this script phase.\necho \"SUCCESS\" > \"${SCRIPT_OUTPUT_FILE_0}\"\n";
			showEnvVarsInLog = 0;
		};
		F6B046E9EECF137D56D25560 /* [CP] Embed Pods Frameworks */ = {
			isa = PBXShellScriptBuildPhase;
			buildActionMask = 2147483647;
			files = (
			);
			inputPaths = (
				"${SRCROOT}/Pods/Target Support Files/Pods-TumblrApp/Pods-TumblrApp-frameworks.sh",
				"${BUILT_PRODUCTS_DIR}/LBTAComponents/LBTAComponents.framework",
			);
			name = "[CP] Embed Pods Frameworks";
			outputPaths = (
				"${TARGET_BUILD_DIR}/${FRAMEWORKS_FOLDER_PATH}/LBTAComponents.framework",
			);
			runOnlyForDeploymentPostprocessing = 0;
			shellPath = /bin/sh;
			shellScript = "\"${SRCROOT}/Pods/Target Support Files/Pods-TumblrApp/Pods-TumblrApp-frameworks.sh\"\n";
			showEnvVarsInLog = 0;
		};
/* End PBXShellScriptBuildPhase section */

/* Begin PBXSourcesBuildPhase section */
		D755BEFD212FF8810051B63D /* Sources */ = {
			isa = PBXSourcesBuildPhase;
			buildActionMask = 2147483647;
			files = (
				D728107D2138970B00139341 /* BaseClass.swift in Sources */,
				D7281075213887E100139341 /* Response.swift in Sources */,
				D755BF07212FF8810051B63D /* MainViewController.swift in Sources */,
				D728106E213804F000139341 /* SearchViewController.swift in Sources */,
				D755BF17212FFD7F0051B63D /* TumblrCell.swift in Sources */,
				D728107B2138881900139341 /* AltSizes.swift in Sources */,
				D728105F21328BCE00139341 /* ImageController.swift in Sources */,
				D755BF05212FF8810051B63D /* AppDelegate.swift in Sources */,
				D7281077213887F400139341 /* Posts.swift in Sources */,
				D72810792138880E00139341 /* Photos.swift in Sources */,
				D755BF192131520F0051B63D /* WebsiteDescritpion.swift in Sources */,
			);
			runOnlyForDeploymentPostprocessing = 0;
		};
/* End PBXSourcesBuildPhase section */

/* Begin XCBuildConfiguration section */
		D755BF11212FF8810051B63D /* Debug */ = {
			isa = XCBuildConfiguration;
			buildSettings = {
				ALWAYS_SEARCH_USER_PATHS = NO;
				CLANG_ANALYZER_NONNULL = YES;
				CLANG_ANALYZER_NUMBER_OBJECT_CONVERSION = YES_AGGRESSIVE;
				CLANG_CXX_LANGUAGE_STANDARD = "gnu++14";
				CLANG_CXX_LIBRARY = "libc++";
				CLANG_ENABLE_MODULES = YES;
				CLANG_ENABLE_OBJC_ARC = YES;
				CLANG_WARN_BLOCK_CAPTURE_AUTORELEASING = YES;
				CLANG_WARN_BOOL_CONVERSION = YES;
				CLANG_WARN_COMMA = YES;
				CLANG_WARN_CONSTANT_CONVERSION = YES;
				CLANG_WARN_DIRECT_OBJC_ISA_USAGE = YES_ERROR;
				CLANG_WARN_DOCUMENTATION_COMMENTS = YES;
				CLANG_WARN_EMPTY_BODY = YES;
				CLANG_WARN_ENUM_CONVERSION = YES;
				CLANG_WARN_INFINITE_RECURSION = YES;
				CLANG_WARN_INT_CONVERSION = YES;
				CLANG_WARN_NON_LITERAL_NULL_CONVERSION = YES;
				CLANG_WARN_OBJC_LITERAL_CONVERSION = YES;
				CLANG_WARN_OBJC_ROOT_CLASS = YES_ERROR;
				CLANG_WARN_RANGE_LOOP_ANALYSIS = YES;
				CLANG_WARN_STRICT_PROTOTYPES = YES;
				CLANG_WARN_SUSPICIOUS_MOVE = YES;
				CLANG_WARN_UNGUARDED_AVAILABILITY = YES_AGGRESSIVE;
				CLANG_WARN_UNREACHABLE_CODE = YES;
				CLANG_WARN__DUPLICATE_METHOD_MATCH = YES;
				CODE_SIGN_IDENTITY = "iPhone Developer";
				COPY_PHASE_STRIP = NO;
				DEBUG_INFORMATION_FORMAT = dwarf;
				ENABLE_STRICT_OBJC_MSGSEND = YES;
				ENABLE_TESTABILITY = YES;
				GCC_C_LANGUAGE_STANDARD = gnu11;
				GCC_DYNAMIC_NO_PIC = NO;
				GCC_NO_COMMON_BLOCKS = YES;
				GCC_OPTIMIZATION_LEVEL = 0;
				GCC_PREPROCESSOR_DEFINITIONS = (
					"DEBUG=1",
					"$(inherited)",
				);
				GCC_WARN_64_TO_32_BIT_CONVERSION = YES;
				GCC_WARN_ABOUT_RETURN_TYPE = YES_ERROR;
				GCC_WARN_UNDECLARED_SELECTOR = YES;
				GCC_WARN_UNINITIALIZED_AUTOS = YES_AGGRESSIVE;
				GCC_WARN_UNUSED_FUNCTION = YES;
				GCC_WARN_UNUSED_VARIABLE = YES;
				IPHONEOS_DEPLOYMENT_TARGET = 11.2;
				MTL_ENABLE_DEBUG_INFO = YES;
				ONLY_ACTIVE_ARCH = YES;
				SDKROOT = iphoneos;
				SWIFT_ACTIVE_COMPILATION_CONDITIONS = DEBUG;
				SWIFT_OPTIMIZATION_LEVEL = "-Onone";
			};
			name = Debug;
		};
		D755BF12212FF8810051B63D /* Release */ = {
			isa = XCBuildConfiguration;
			buildSettings = {
				ALWAYS_SEARCH_USER_PATHS = NO;
				CLANG_ANALYZER_NONNULL = YES;
				CLANG_ANALYZER_NUMBER_OBJECT_CONVERSION = YES_AGGRESSIVE;
				CLANG_CXX_LANGUAGE_STANDARD = "gnu++14";
				CLANG_CXX_LIBRARY = "libc++";
				CLANG_ENABLE_MODULES = YES;
				CLANG_ENABLE_OBJC_ARC = YES;
				CLANG_WARN_BLOCK_CAPTURE_AUTORELEASING = YES;
				CLANG_WARN_BOOL_CONVERSION = YES;
				CLANG_WARN_COMMA = YES;
				CLANG_WARN_CONSTANT_CONVERSION = YES;
				CLANG_WARN_DIRECT_OBJC_ISA_USAGE = YES_ERROR;
				CLANG_WARN_DOCUMENTATION_COMMENTS = YES;
				CLANG_WARN_EMPTY_BODY = YES;
				CLANG_WARN_ENUM_CONVERSION = YES;
				CLANG_WARN_INFINITE_RECURSION = YES;
				CLANG_WARN_INT_CONVERSION = YES;
				CLANG_WARN_NON_LITERAL_NULL_CONVERSION = YES;
				CLANG_WARN_OBJC_LITERAL_CONVERSION = YES;
				CLANG_WARN_OBJC_ROOT_CLASS = YES_ERROR;
				CLANG_WARN_RANGE_LOOP_ANALYSIS = YES;
				CLANG_WARN_STRICT_PROTOTYPES = YES;
				CLANG_WARN_SUSPICIOUS_MOVE = YES;
				CLANG_WARN_UNGUARDED_AVAILABILITY = YES_AGGRESSIVE;
				CLANG_WARN_UNREACHABLE_CODE = YES;
				CLANG_WARN__DUPLICATE_METHOD_MATCH = YES;
				CODE_SIGN_IDENTITY = "iPhone Developer";
				COPY_PHASE_STRIP = NO;
				DEBUG_INFORMATION_FORMAT = "dwarf-with-dsym";
				ENABLE_NS_ASSERTIONS = NO;
				ENABLE_STRICT_OBJC_MSGSEND = YES;
				GCC_C_LANGUAGE_STANDARD = gnu11;
				GCC_NO_COMMON_BLOCKS = YES;
				GCC_WARN_64_TO_32_BIT_CONVERSION = YES;
				GCC_WARN_ABOUT_RETURN_TYPE = YES_ERROR;
				GCC_WARN_UNDECLARED_SELECTOR = YES;
				GCC_WARN_UNINITIALIZED_AUTOS = YES_AGGRESSIVE;
				GCC_WARN_UNUSED_FUNCTION = YES;
				GCC_WARN_UNUSED_VARIABLE = YES;
				IPHONEOS_DEPLOYMENT_TARGET = 11.2;
				MTL_ENABLE_DEBUG_INFO = NO;
				SDKROOT = iphoneos;
				SWIFT_OPTIMIZATION_LEVEL = "-Owholemodule";
				VALIDATE_PRODUCT = YES;
			};
			name = Release;
		};
		D755BF14212FF8810051B63D /* Debug */ = {
			isa = XCBuildConfiguration;
			baseConfigurationReference = 8F31F48080033DE271F13978 /* Pods-TumblrApp.debug.xcconfig */;
			buildSettings = {
				ASSETCATALOG_COMPILER_APPICON_NAME = AppIcon;
				CODE_SIGN_STYLE = Automatic;
				INFOPLIST_FILE = TumblrApp/Info.plist;
				IPHONEOS_DEPLOYMENT_TARGET = 11.0;
				LD_RUNPATH_SEARCH_PATHS = "$(inherited) @executable_path/Frameworks";
				PRODUCT_BUNDLE_IDENTIFIER = kamil.TumblrApp;
				PRODUCT_NAME = "$(TARGET_NAME)";
				SWIFT_VERSION = 4.0;
				TARGETED_DEVICE_FAMILY = 1;
			};
			name = Debug;
		};
		D755BF15212FF8810051B63D /* Release */ = {
			isa = XCBuildConfiguration;
			baseConfigurationReference = 3C093089965513E16E109817 /* Pods-TumblrApp.release.xcconfig */;
			buildSettings = {
				ASSETCATALOG_COMPILER_APPICON_NAME = AppIcon;
				CODE_SIGN_STYLE = Automatic;
				INFOPLIST_FILE = TumblrApp/Info.plist;
				IPHONEOS_DEPLOYMENT_TARGET = 11.0;
				LD_RUNPATH_SEARCH_PATHS = "$(inherited) @executable_path/Frameworks";
				PRODUCT_BUNDLE_IDENTIFIER = kamil.TumblrApp;
				PRODUCT_NAME = "$(TARGET_NAME)";
				SWIFT_VERSION = 4.0;
				TARGETED_DEVICE_FAMILY = 1;
			};
			name = Release;
		};
/* End XCBuildConfiguration section */

/* Begin XCConfigurationList section */
		D755BEFC212FF8810051B63D /* Build configuration list for PBXProject "TumblrApp" */ = {
			isa = XCConfigurationList;
			buildConfigurations = (
				D755BF11212FF8810051B63D /* Debug */,
				D755BF12212FF8810051B63D /* Release */,
			);
			defaultConfigurationIsVisible = 0;
			defaultConfigurationName = Release;
		};
		D755BF13212FF8810051B63D /* Build configuration list for PBXNativeTarget "TumblrApp" */ = {
			isa = XCConfigurationList;
			buildConfigurations = (
				D755BF14212FF8810051B63D /* Debug */,
				D755BF15212FF8810051B63D /* Release */,
			);
			defaultConfigurationIsVisible = 0;
			defaultConfigurationName = Release;
		};
/* End XCConfigurationList section */
	};
	rootObject = D755BEF9212FF8810051B63D /* Project object */;
}
